
Microsoft Visual Studio Solution File, Format Version 12.00
# Visual Studio Version 17
VisualStudioVersion = 17.1.32421.90
MinimumVisualStudioVersion = 10.0.40219.1
Project("{FAE04EC0-301F-11D3-BF4B-00C04F79EFBC}") = "BlazorObservers", "BlazorObservers\BlazorObservers.csproj", "{CADFB01F-6C6B-4626-A12D-489991E534D9}"
EndProject
Global
	GlobalSection(SolutionConfigurationPlatforms) = preSolution
		Debug|Any CPU = Debug|Any CPU
		Release|Any CPU = Release|Any CPU
	EndGlobalSection
	GlobalSection(ProjectConfigurationPlatforms) = postSolution
		{CADFB01F-6C6B-4626-A12D-489991E534D9}.Debug|Any CPU.ActiveCfg = Debug|Any CPU
		{CADFB01F-6C6B-4626-A12D-489991E534D9}.Debug|Any CPU.Build.0 = Debug|Any CPU
		{CADFB01F-6C6B-4626-A12D-489991E534D9}.Release|Any CPU.ActiveCfg = Release|Any CPU
		{CADFB01F-6C6B-4626-A12D-489991E534D9}.Release|Any CPU.Build.0 = Release|Any CPU
	EndGlobalSection
	GlobalSection(SolutionProperties) = preSolution
		HideSolutionNode = FALSE
	EndGlobalSection
	GlobalSection(ExtensibilityGlobals) = postSolution
		SolutionGuid = {21A35A6C-B7F8-4BAC-B452-C78840B45134}
	EndGlobalSection
EndGlobal
